// !$*UTF8*$!
{
	archiveVersion = 1;
	classes = {
	};
	objectVersion = 56;
	objects = {

/* Begin PBXBuildFile section */
		AA000001 /* LoudAlertsApp.swift in Sources */ = {isa = PBXBuildFile; fileRef = AB000001; };
		AA000002 /* AppDelegate.swift in Sources */ = {isa = PBXBuildFile; fileRef = AB000002; };
		AA000003 /* CalendarEvent.swift in Sources */ = {isa = PBXBuildFile; fileRef = AB000003; };
		AA000004 /* MeetingLink.swift in Sources */ = {isa = PBXBuildFile; fileRef = AB000004; };
		AA000006 /* CalendarService.swift in Sources */ = {isa = PBXBuildFile; fileRef = AB000006; };
		AA000007 /* MeetingLinkDetector.swift in Sources */ = {isa = PBXBuildFile; fileRef = AB000007; };
		AA000008 /* AlertScheduler.swift in Sources */ = {isa = PBXBuildFile; fileRef = AB000008; };
		AA000009 /* SoundPlayer.swift in Sources */ = {isa = PBXBuildFile; fileRef = AB000009; };
		AA000010 /* SettingsManager.swift in Sources */ = {isa = PBXBuildFile; fileRef = AB000010; };
		AA000011 /* AlertOverlayView.swift in Sources */ = {isa = PBXBuildFile; fileRef = AB000011; };
		AA000012 /* MenuBarView.swift in Sources */ = {isa = PBXBuildFile; fileRef = AB000012; };
		AA000013 /* SettingsView.swift in Sources */ = {isa = PBXBuildFile; fileRef = AB000013; };
		AA000014 /* OverlayWindow.swift in Sources */ = {isa = PBXBuildFile; fileRef = AB000014; };
		AA000015 /* OverlayWindowManager.swift in Sources */ = {isa = PBXBuildFile; fileRef = AB000015; };
		AA000018 /* Assets.xcassets in Resources */ = {isa = PBXBuildFile; fileRef = AB000018; };
		AA000019 /* MeetingLinkDetectorTests.swift in Sources */ = {isa = PBXBuildFile; fileRef = AB000021; };
		AA000020 /* AlertSchedulerTests.swift in Sources */ = {isa = PBXBuildFile; fileRef = AB000022; };
		AA000021 /* CalendarEventTests.swift in Sources */ = {isa = PBXBuildFile; fileRef = AB000023; };
		AA000022 /* SettingsManagerTests.swift in Sources */ = {isa = PBXBuildFile; fileRef = AB000024; };
		AA000023 /* EventFormattingTests.swift in Sources */ = {isa = PBXBuildFile; fileRef = AB000025; };
		AA000024 /* MeetingLinkModelTests.swift in Sources */ = {isa = PBXBuildFile; fileRef = AB000026; };
		AA000025 /* EventFormatting.swift in Sources */ = {isa = PBXBuildFile; fileRef = AB000028; };
		AA000036 /* FileLogger.swift in Sources */ = {isa = PBXBuildFile; fileRef = AB000029; };
		AA000037 /* FileLogger.swift in Sources */ = {isa = PBXBuildFile; fileRef = AB000029; };
		AA000038 /* AppNapPreventionTests.swift in Sources */ = {isa = PBXBuildFile; fileRef = AB000030; };
		AA000030 /* MeetingLinkDetector.swift in Sources */ = {isa = PBXBuildFile; fileRef = AB000007; };
		AA000031 /* MeetingLink.swift in Sources */ = {isa = PBXBuildFile; fileRef = AB000004; };
		AA000032 /* CalendarEvent.swift in Sources */ = {isa = PBXBuildFile; fileRef = AB000003; };
		AA000033 /* AlertScheduler.swift in Sources */ = {isa = PBXBuildFile; fileRef = AB000008; };
		AA000034 /* SettingsManager.swift in Sources */ = {isa = PBXBuildFile; fileRef = AB000010; };
		AA000035 /* EventFormatting.swift in Sources */ = {isa = PBXBuildFile; fileRef = AB000028; };
/* End PBXBuildFile section */

/* Begin PBXContainerItemProxy section */
		B4000001 /* PBXContainerItemProxy */ = {
			isa = PBXContainerItemProxy;
			containerPortal = B2000001 /* Project object */;
			proxyType = 1;
			remoteGlobalIDString = AF000001;
			remoteInfo = LoudAlerts;
		};
/* End PBXContainerItemProxy section */

/* Begin PBXFileReference section */
		AB000001 /* LoudAlertsApp.swift */ = {isa = PBXFileReference; lastKnownFileType = sourcecode.swift; path = LoudAlertsApp.swift; sourceTree = "<group>"; };
		AB000002 /* AppDelegate.swift */ = {isa = PBXFileReference; lastKnownFileType = sourcecode.swift; path = AppDelegate.swift; sourceTree = "<group>"; };
		AB000003 /* CalendarEvent.swift */ = {isa = PBXFileReference; lastKnownFileType = sourcecode.swift; path = CalendarEvent.swift; sourceTree = "<group>"; };
		AB000004 /* MeetingLink.swift */ = {isa = PBXFileReference; lastKnownFileType = sourcecode.swift; path = MeetingLink.swift; sourceTree = "<group>"; };
		AB000006 /* CalendarService.swift */ = {isa = PBXFileReference; lastKnownFileType = sourcecode.swift; path = CalendarService.swift; sourceTree = "<group>"; };
		AB000007 /* MeetingLinkDetector.swift */ = {isa = PBXFileReference; lastKnownFileType = sourcecode.swift; path = MeetingLinkDetector.swift; sourceTree = "<group>"; };
		AB000008 /* AlertScheduler.swift */ = {isa = PBXFileReference; lastKnownFileType = sourcecode.swift; path = AlertScheduler.swift; sourceTree = "<group>"; };
		AB000009 /* SoundPlayer.swift */ = {isa = PBXFileReference; lastKnownFileType = sourcecode.swift; path = SoundPlayer.swift; sourceTree = "<group>"; };
		AB000010 /* SettingsManager.swift */ = {isa = PBXFileReference; lastKnownFileType = sourcecode.swift; path = SettingsManager.swift; sourceTree = "<group>"; };
		AB000011 /* AlertOverlayView.swift */ = {isa = PBXFileReference; lastKnownFileType = sourcecode.swift; path = AlertOverlayView.swift; sourceTree = "<group>"; };
		AB000012 /* MenuBarView.swift */ = {isa = PBXFileReference; lastKnownFileType = sourcecode.swift; path = MenuBarView.swift; sourceTree = "<group>"; };
		AB000013 /* SettingsView.swift */ = {isa = PBXFileReference; lastKnownFileType = sourcecode.swift; path = SettingsView.swift; sourceTree = "<group>"; };
		AB000014 /* OverlayWindow.swift */ = {isa = PBXFileReference; lastKnownFileType = sourcecode.swift; path = OverlayWindow.swift; sourceTree = "<group>"; };
		AB000015 /* OverlayWindowManager.swift */ = {isa = PBXFileReference; lastKnownFileType = sourcecode.swift; path = OverlayWindowManager.swift; sourceTree = "<group>"; };
		AB000018 /* Assets.xcassets */ = {isa = PBXFileReference; lastKnownFileType = folder.assetcatalog; path = Assets.xcassets; sourceTree = "<group>"; };
		AB000019 /* Info.plist */ = {isa = PBXFileReference; lastKnownFileType = text.plist.xml; path = Info.plist; sourceTree = "<group>"; };
		AB000020 /* LoudAlerts.entitlements */ = {isa = PBXFileReference; lastKnownFileType = text.plist.entitlements; path = LoudAlerts.entitlements; sourceTree = "<group>"; };
		AB000021 /* MeetingLinkDetectorTests.swift */ = {isa = PBXFileReference; lastKnownFileType = sourcecode.swift; path = MeetingLinkDetectorTests.swift; sourceTree = "<group>"; };
		AB000022 /* AlertSchedulerTests.swift */ = {isa = PBXFileReference; lastKnownFileType = sourcecode.swift; path = AlertSchedulerTests.swift; sourceTree = "<group>"; };
		AB000023 /* CalendarEventTests.swift */ = {isa = PBXFileReference; lastKnownFileType = sourcecode.swift; path = CalendarEventTests.swift; sourceTree = "<group>"; };
		AB000024 /* SettingsManagerTests.swift */ = {isa = PBXFileReference; lastKnownFileType = sourcecode.swift; path = SettingsManagerTests.swift; sourceTree = "<group>"; };
		AB000025 /* EventFormattingTests.swift */ = {isa = PBXFileReference; lastKnownFileType = sourcecode.swift; path = EventFormattingTests.swift; sourceTree = "<group>"; };
		AB000026 /* MeetingLinkModelTests.swift */ = {isa = PBXFileReference; lastKnownFileType = sourcecode.swift; path = MeetingLinkModelTests.swift; sourceTree = "<group>"; };
		AB000027 /* LoudAlertsTests.xctest */ = {isa = PBXFileReference; explicitFileType = wrapper.cfbundle; includeInIndex = 0; path = LoudAlertsTests.xctest; sourceTree = BUILT_PRODUCTS_DIR; };
		AB000028 /* EventFormatting.swift */ = {isa = PBXFileReference; lastKnownFileType = sourcecode.swift; path = EventFormatting.swift; sourceTree = "<group>"; };
		AB000029 /* FileLogger.swift */ = {isa = PBXFileReference; lastKnownFileType = sourcecode.swift; path = FileLogger.swift; sourceTree = "<group>"; };
		AB000030 /* AppNapPreventionTests.swift */ = {isa = PBXFileReference; lastKnownFileType = sourcecode.swift; path = AppNapPreventionTests.swift; sourceTree = "<group>"; };
		AC000001 /* LoudAlerts.app */ = {isa = PBXFileReference; explicitFileType = wrapper.application; includeInIndex = 0; path = LoudAlerts.app; sourceTree = BUILT_PRODUCTS_DIR; };
/* End PBXFileReference section */

/* Begin PBXFrameworksBuildPhase section */
		AD000001 /* Frameworks */ = {
			isa = PBXFrameworksBuildPhase;
			buildActionMask = 2147483647;
			files = (
			);
			runOnlyForDeploymentPostprocessing = 0;
		};
		AD000002 /* Frameworks */ = {
			isa = PBXFrameworksBuildPhase;
			buildActionMask = 2147483647;
			files = (
			);
			runOnlyForDeploymentPostprocessing = 0;
		};
/* End PBXFrameworksBuildPhase section */

/* Begin PBXGroup section */
		AE000001 = {
			isa = PBXGroup;
			children = (
				AE000002 /* LoudAlerts */,
				AE00000B /* LoudAlertsTests */,
				AE000009 /* Products */,
			);
			sourceTree = "<group>";
		};
		AE000002 /* LoudAlerts */ = {
			isa = PBXGroup;
			children = (
				AE000003 /* App */,
				AE000004 /* Models */,
				AE000005 /* Services */,
				AE000006 /* Views */,
				AE000007 /* Windows */,
				AE00000C /* Utilities */,
				AE00000A /* Resources */,
				AB000019 /* Info.plist */,
				AB000020 /* LoudAlerts.entitlements */,
			);
			path = LoudAlerts;
			sourceTree = "<group>";
		};
		AE000003 /* App */ = {
			isa = PBXGroup;
			children = (
				AB000001 /* LoudAlertsApp.swift */,
				AB000002 /* AppDelegate.swift */,
			);
			path = App;
			sourceTree = "<group>";
		};
		AE000004 /* Models */ = {
			isa = PBXGroup;
			children = (
				AB000003 /* CalendarEvent.swift */,
				AB000004 /* MeetingLink.swift */,
			);
			path = Models;
			sourceTree = "<group>";
		};
		AE000005 /* Services */ = {
			isa = PBXGroup;
			children = (
				AB000006 /* CalendarService.swift */,
				AB000007 /* MeetingLinkDetector.swift */,
				AB000008 /* AlertScheduler.swift */,
				AB000009 /* SoundPlayer.swift */,
				AB000010 /* SettingsManager.swift */,
			);
			path = Services;
			sourceTree = "<group>";
		};
		AE000006 /* Views */ = {
			isa = PBXGroup;
			children = (
				AB000011 /* AlertOverlayView.swift */,
				AB000012 /* MenuBarView.swift */,
				AB000013 /* SettingsView.swift */,
			);
			path = Views;
			sourceTree = "<group>";
		};
		AE000007 /* Windows */ = {
			isa = PBXGroup;
			children = (
				AB000014 /* OverlayWindow.swift */,
				AB000015 /* OverlayWindowManager.swift */,
			);
			path = Windows;
			sourceTree = "<group>";
		};
		AE000009 /* Products */ = {
			isa = PBXGroup;
			children = (
				AC000001 /* LoudAlerts.app */,
				AB000027 /* LoudAlertsTests.xctest */,
			);
			name = Products;
			sourceTree = "<group>";
		};
		AE00000A /* Resources */ = {
			isa = PBXGroup;
			children = (
				AB000018 /* Assets.xcassets */,
			);
			path = Resources;
			sourceTree = "<group>";
		};
		AE00000B /* LoudAlertsTests */ = {
			isa = PBXGroup;
			children = (
				AB000021 /* MeetingLinkDetectorTests.swift */,
				AB000022 /* AlertSchedulerTests.swift */,
				AB000023 /* CalendarEventTests.swift */,
				AB000024 /* SettingsManagerTests.swift */,
				AB000025 /* EventFormattingTests.swift */,
				AB000026 /* MeetingLinkModelTests.swift */,
				AB000030 /* AppNapPreventionTests.swift */,
			);
			path = LoudAlertsTests;
			sourceTree = "<group>";
		};
		AE00000C /* Utilities */ = {
			isa = PBXGroup;
			children = (
				AB000028 /* EventFormatting.swift */,
				AB000029 /* FileLogger.swift */,
			);
			path = Utilities;
			sourceTree = "<group>";
		};
/* End PBXGroup section */

/* Begin PBXNativeTarget section */
		AF000001 /* LoudAlerts */ = {
			isa = PBXNativeTarget;
			buildConfigurationList = B1000001 /* Build configuration list for PBXNativeTarget "LoudAlerts" */;
			buildPhases = (
				B0000001 /* Sources */,
				AD000001 /* Frameworks */,
				B0000002 /* Resources */,
			);
			buildRules = (
			);
			dependencies = (
			);
			name = LoudAlerts;
			productName = LoudAlerts;
			productReference = AC000001 /* LoudAlerts.app */;
			productType = "com.apple.product-type.application";
		};
		AF000002 /* LoudAlertsTests */ = {
			isa = PBXNativeTarget;
			buildConfigurationList = B1000003 /* Build configuration list for PBXNativeTarget "LoudAlertsTests" */;
			buildPhases = (
				B0000003 /* Sources */,
				AD000002 /* Frameworks */,
			);
			buildRules = (
			);
			dependencies = (
				B5000001 /* PBXTargetDependency */,
			);
			name = LoudAlertsTests;
			productName = LoudAlertsTests;
			productReference = AB000027 /* LoudAlertsTests.xctest */;
			productType = "com.apple.product-type.bundle.unit-test";
		};
/* End PBXNativeTarget section */

/* Begin PBXProject section */
		B2000001 /* Project object */ = {
			isa = PBXProject;
			attributes = {
				BuildIndependentTargetsInParallel = 1;
				LastSwiftUpdateCheck = 1600;
				LastUpgradeCheck = 1600;
				TargetAttributes = {
					AF000001 = {
						CreatedOnToolsVersion = 16.0;
					};
					AF000002 = {
						CreatedOnToolsVersion = 16.0;
					};
				};
			};
			buildConfigurationList = B1000002 /* Build configuration list for PBXProject "LoudAlerts" */;
			compatibilityVersion = "Xcode 14.0";
			developmentRegion = en;
			hasScannedForEncodings = 0;
			knownRegions = (
				en,
				Base,
			);
			mainGroup = AE000001;
			productRefGroup = AE000009 /* Products */;
			projectDirPath = "";
			projectRoot = "";
			targets = (
				AF000001 /* LoudAlerts */,
				AF000002 /* LoudAlertsTests */,
			);
		};
/* End PBXProject section */

/* Begin PBXResourcesBuildPhase section */
		B0000002 /* Resources */ = {
			isa = PBXResourcesBuildPhase;
			buildActionMask = 2147483647;
			files = (
				AA000018 /* Assets.xcassets in Resources */,
			);
			runOnlyForDeploymentPostprocessing = 0;
		};
/* End PBXResourcesBuildPhase section */

/* Begin PBXSourcesBuildPhase section */
		B0000001 /* Sources */ = {
			isa = PBXSourcesBuildPhase;
			buildActionMask = 2147483647;
			files = (
				AA000001 /* LoudAlertsApp.swift in Sources */,
				AA000002 /* AppDelegate.swift in Sources */,
				AA000003 /* CalendarEvent.swift in Sources */,
				AA000004 /* MeetingLink.swift in Sources */,
				AA000006 /* CalendarService.swift in Sources */,
				AA000007 /* MeetingLinkDetector.swift in Sources */,
				AA000008 /* AlertScheduler.swift in Sources */,
				AA000009 /* SoundPlayer.swift in Sources */,
				AA000010 /* SettingsManager.swift in Sources */,
				AA000011 /* AlertOverlayView.swift in Sources */,
				AA000012 /* MenuBarView.swift in Sources */,
				AA000013 /* SettingsView.swift in Sources */,
				AA000014 /* OverlayWindow.swift in Sources */,
				AA000015 /* OverlayWindowManager.swift in Sources */,
				AA000025 /* EventFormatting.swift in Sources */,
				AA000036 /* FileLogger.swift in Sources */,
			);
			runOnlyForDeploymentPostprocessing = 0;
		};
		B0000003 /* Sources */ = {
			isa = PBXSourcesBuildPhase;
			buildActionMask = 2147483647;
			files = (
				AA000030 /* MeetingLinkDetector.swift in Sources */,
				AA000031 /* MeetingLink.swift in Sources */,
				AA000032 /* CalendarEvent.swift in Sources */,
				AA000033 /* AlertScheduler.swift in Sources */,
				AA000034 /* SettingsManager.swift in Sources */,
				AA000035 /* EventFormatting.swift in Sources */,
				AA000037 /* FileLogger.swift in Sources */,
				AA000019 /* MeetingLinkDetectorTests.swift in Sources */,
				AA000020 /* AlertSchedulerTests.swift in Sources */,
				AA000021 /* CalendarEventTests.swift in Sources */,
				AA000022 /* SettingsManagerTests.swift in Sources */,
				AA000023 /* EventFormattingTests.swift in Sources */,
				AA000024 /* MeetingLinkModelTests.swift in Sources */,
				AA000038 /* AppNapPreventionTests.swift in Sources */,
			);
			runOnlyForDeploymentPostprocessing = 0;
		};
/* End PBXSourcesBuildPhase section */

/* Begin PBXTargetDependency section */
		B5000001 /* PBXTargetDependency */ = {
			isa = PBXTargetDependency;
			target = AF000001 /* LoudAlerts */;
			targetProxy = B4000001 /* PBXContainerItemProxy */;
		};
/* End PBXTargetDependency section */

/* Begin XCBuildConfiguration section */
		B3000001 /* Debug */ = {
			isa = XCBuildConfiguration;
			buildSettings = {
				ALWAYS_SEARCH_USER_PATHS = NO;
				ASSETCATALOG_COMPILER_GENERATE_SWIFT_ASSET_SYMBOL_EXTENSIONS = YES;
				CLANG_ANALYZER_NONNULL = YES;
				CLANG_CXX_LANGUAGE_STANDARD = "gnu++20";
				CLANG_ENABLE_MODULES = YES;
				CLANG_ENABLE_OBJC_ARC = YES;
				CLANG_WARN_BLOCK_CAPTURE_AUTORELEASING = YES;
				CLANG_WARN_BOOL_CONVERSION = YES;
				CLANG_WARN_COMMA = YES;
				CLANG_WARN_CONSTANT_CONVERSION = YES;
				CLANG_WARN_DEPRECATED_OBJC_IMPLEMENTATIONS = YES;
				CLANG_WARN_DIRECT_OBJC_ISA_USAGE = YES_ERROR;
				CLANG_WARN_EMPTY_BODY = YES;
				CLANG_WARN_ENUM_CONVERSION = YES;
				CLANG_WARN_INFINITE_RECURSION = YES;
				CLANG_WARN_INT_CONVERSION = YES;
				CLANG_WARN_OBJC_IMPLICIT_RETAIN_SELF = YES;
				CLANG_WARN_OBJC_LITERAL_CONVERSION = YES;
				CLANG_WARN_OBJC_ROOT_CLASS = YES_ERROR;
				CLANG_WARN_QUOTED_INCLUDE_IN_FRAMEWORK_HEADER = YES;
				CLANG_WARN_RANGE_LOOP_ANALYSIS = YES;
				CLANG_WARN_STRICT_PROTOTYPES = YES;
				CLANG_WARN_SUSPICIOUS_MOVE = YES;
				CLANG_WARN_UNGUARDED_AVAILABILITY = YES_AGGRESSIVE;
				CLANG_WARN_UNREACHABLE_CODE = YES;
				COPY_PHASE_STRIP = NO;
				DEBUG_INFORMATION_FORMAT = dwarf;
				ENABLE_STRICT_OBJC_MSGSEND = YES;
				ENABLE_TESTABILITY = YES;
				GCC_DYNAMIC_NO_PIC = NO;
				GCC_NO_COMMON_BLOCKS = YES;
				GCC_OPTIMIZATION_LEVEL = 0;
				GCC_PREPROCESSOR_DEFINITIONS = (
					"DEBUG=1",
					"$(inherited)",
				);
				GCC_WARN_64_TO_32_BIT_CONVERSION = YES;
				GCC_WARN_ABOUT_RETURN_TYPE = YES_ERROR;
				GCC_WARN_UNDECLARED_SELECTOR = YES;
				GCC_WARN_UNINITIALIZED_AUTOS = YES_AGGRESSIVE;
				GCC_WARN_UNUSED_FUNCTION = YES;
				GCC_WARN_UNUSED_VARIABLE = YES;
				MACOSX_DEPLOYMENT_TARGET = 14.0;
				MTL_ENABLE_DEBUG_INFO = INCLUDE_SOURCE;
				MTL_FAST_MATH = YES;
				ONLY_ACTIVE_ARCH = YES;
				SDKROOT = macosx;
				SWIFT_ACTIVE_COMPILATION_CONDITIONS = "$(inherited) DEBUG";
				SWIFT_OPTIMIZATION_LEVEL = "-Onone";
				SWIFT_VERSION = 5.0;
			};
			name = Debug;
		};
		B3000002 /* Release */ = {
			isa = XCBuildConfiguration;
			buildSettings = {
				ALWAYS_SEARCH_USER_PATHS = NO;
				ASSETCATALOG_COMPILER_GENERATE_SWIFT_ASSET_SYMBOL_EXTENSIONS = YES;
				CLANG_ANALYZER_NONNULL = YES;
				CLANG_CXX_LANGUAGE_STANDARD = "gnu++20";
				CLANG_ENABLE_MODULES = YES;
				CLANG_ENABLE_OBJC_ARC = YES;
				CLANG_WARN_BLOCK_CAPTURE_AUTORELEASING = YES;
				CLANG_WARN_BOOL_CONVERSION = YES;
				CLANG_WARN_COMMA = YES;
				CLANG_WARN_CONSTANT_CONVERSION = YES;
				CLANG_WARN_DEPRECATED_OBJC_IMPLEMENTATIONS = YES;
				CLANG_WARN_DIRECT_OBJC_ISA_USAGE = YES_ERROR;
				CLANG_WARN_EMPTY_BODY = YES;
				CLANG_WARN_ENUM_CONVERSION = YES;
				CLANG_WARN_INFINITE_RECURSION = YES;
				CLANG_WARN_INT_CONVERSION = YES;
				CLANG_WARN_OBJC_IMPLICIT_RETAIN_SELF = YES;
				CLANG_WARN_OBJC_LITERAL_CONVERSION = YES;
				CLANG_WARN_OBJC_ROOT_CLASS = YES_ERROR;
				CLANG_WARN_QUOTED_INCLUDE_IN_FRAMEWORK_HEADER = YES;
				CLANG_WARN_RANGE_LOOP_ANALYSIS = YES;
				CLANG_WARN_STRICT_PROTOTYPES = YES;
				CLANG_WARN_SUSPICIOUS_MOVE = YES;
				CLANG_WARN_UNGUARDED_AVAILABILITY = YES_AGGRESSIVE;
				CLANG_WARN_UNREACHABLE_CODE = YES;
				COPY_PHASE_STRIP = NO;
				DEBUG_INFORMATION_FORMAT = "dwarf-with-dsym";
				ENABLE_NS_ASSERTIONS = NO;
				ENABLE_STRICT_OBJC_MSGSEND = YES;
				GCC_NO_COMMON_BLOCKS = YES;
				GCC_WARN_64_TO_32_BIT_CONVERSION = YES;
				GCC_WARN_ABOUT_RETURN_TYPE = YES_ERROR;
				GCC_WARN_UNDECLARED_SELECTOR = YES;
				GCC_WARN_UNINITIALIZED_AUTOS = YES_AGGRESSIVE;
				GCC_WARN_UNUSED_FUNCTION = YES;
				GCC_WARN_UNUSED_VARIABLE = YES;
				MACOSX_DEPLOYMENT_TARGET = 14.0;
				MTL_FAST_MATH = YES;
				SDKROOT = macosx;
				SWIFT_COMPILATION_MODE = wholemodule;
				SWIFT_VERSION = 5.0;
			};
			name = Release;
		};
		B3000003 /* Debug */ = {
			isa = XCBuildConfiguration;
			buildSettings = {
				ASSETCATALOG_COMPILER_APPICON_NAME = AppIcon;
				CODE_SIGN_ENTITLEMENTS = LoudAlerts/LoudAlerts.entitlements;
				CODE_SIGN_STYLE = Automatic;
				COMBINE_HIDPI_IMAGES = YES;
				CURRENT_PROJECT_VERSION = 1;
				GENERATE_INFOPLIST_FILE = NO;
				INFOPLIST_FILE = LoudAlerts/Info.plist;
				INFOPLIST_KEY_CFBundleDisplayName = "Loud Alerts";
				INFOPLIST_KEY_NSHumanReadableCopyright = "";
				LD_RUNPATH_SEARCH_PATHS = (
					"$(inherited)",
					"@executable_path/../Frameworks",
				);
				MARKETING_VERSION = 1.0.1;
				PRODUCT_BUNDLE_IDENTIFIER = com.loudalerts.app;
				PRODUCT_NAME = "$(TARGET_NAME)";
				SWIFT_EMIT_LOC_STRINGS = YES;
				SWIFT_VERSION = 5.0;
			};
			name = Debug;
		};
		B3000004 /* Release */ = {
			isa = XCBuildConfiguration;
			buildSettings = {
				ASSETCATALOG_COMPILER_APPICON_NAME = AppIcon;
				CODE_SIGN_ENTITLEMENTS = LoudAlerts/LoudAlerts.entitlements;
				CODE_SIGN_STYLE = Automatic;
				COMBINE_HIDPI_IMAGES = YES;
				CURRENT_PROJECT_VERSION = 1;
				GENERATE_INFOPLIST_FILE = NO;
				INFOPLIST_FILE = LoudAlerts/Info.plist;
				INFOPLIST_KEY_CFBundleDisplayName = "Loud Alerts";
				INFOPLIST_KEY_NSHumanReadableCopyright = "";
				LD_RUNPATH_SEARCH_PATHS = (
					"$(inherited)",
					"@executable_path/../Frameworks",
				);
				MARKETING_VERSION = 1.0.1;
				PRODUCT_BUNDLE_IDENTIFIER = com.loudalerts.app;
				PRODUCT_NAME = "$(TARGET_NAME)";
				SWIFT_EMIT_LOC_STRINGS = YES;
				SWIFT_VERSION = 5.0;
			};
			name = Release;
		};
		B3000005 /* Debug */ = {
			isa = XCBuildConfiguration;
			buildSettings = {
				CODE_SIGN_STYLE = Automatic;
				CURRENT_PROJECT_VERSION = 1;
				GENERATE_INFOPLIST_FILE = YES;
				MACOSX_DEPLOYMENT_TARGET = 14.0;
				MARKETING_VERSION = 1.0.1;
				PRODUCT_BUNDLE_IDENTIFIER = com.loudalerts.tests;
				PRODUCT_NAME = "$(TARGET_NAME)";
				SWIFT_EMIT_LOC_STRINGS = NO;
				SWIFT_VERSION = 5.0;
			};
			name = Debug;
		};
		B3000006 /* Release */ = {
			isa = XCBuildConfiguration;
			buildSettings = {
				CODE_SIGN_STYLE = Automatic;
				CURRENT_PROJECT_VERSION = 1;
				GENERATE_INFOPLIST_FILE = YES;
				MACOSX_DEPLOYMENT_TARGET = 14.0;
				MARKETING_VERSION = 1.0.1;
				PRODUCT_BUNDLE_IDENTIFIER = com.loudalerts.tests;
				PRODUCT_NAME = "$(TARGET_NAME)";
				SWIFT_EMIT_LOC_STRINGS = NO;
				SWIFT_VERSION = 5.0;
			};
			name = Release;
		};
/* End XCBuildConfiguration section */

/* Begin XCConfigurationList section */
		B1000001 /* Build configuration list for PBXNativeTarget "LoudAlerts" */ = {
			isa = XCConfigurationList;
			buildConfigurations = (
				B3000003 /* Debug */,
				B3000004 /* Release */,
			);
			defaultConfigurationIsVisible = 0;
			defaultConfigurationName = Release;
		};
		B1000002 /* Build configuration list for PBXProject "LoudAlerts" */ = {
			isa = XCConfigurationList;
			buildConfigurations = (
				B3000001 /* Debug */,
				B3000002 /* Release */,
			);
			defaultConfigurationIsVisible = 0;
			defaultConfigurationName = Release;
		};
		B1000003 /* Build configuration list for PBXNativeTarget "LoudAlertsTests" */ = {
			isa = XCConfigurationList;
			buildConfigurations = (
				B3000005 /* Debug */,
				B3000006 /* Release */,
			);
			defaultConfigurationIsVisible = 0;
			defaultConfigurationName = Release;
		};
/* End XCConfigurationList section */

	};
	rootObject = B2000001 /* Project object */;
}
